// !$*UTF8*$!
{
	archiveVersion = 1;
	classes = {
	};
	objectVersion = 50;
	objects = {

/* Begin PBXBuildFile section */
		FAE16E3024D9442900A175CB /* AppDelegate.swift in Sources */ = {isa = PBXBuildFile; fileRef = FAE16E2F24D9442900A175CB /* AppDelegate.swift */; };
		FAE16E3224D9442900A175CB /* SceneDelegate.swift in Sources */ = {isa = PBXBuildFile; fileRef = FAE16E3124D9442900A175CB /* SceneDelegate.swift */; };
		FAE16E3524D9442900A175CB /* BucketList.xcdatamodeld in Sources */ = {isa = PBXBuildFile; fileRef = FAE16E3324D9442900A175CB /* BucketList.xcdatamodeld */; };
		FAE16E3724D9442900A175CB /* ContentView.swift in Sources */ = {isa = PBXBuildFile; fileRef = FAE16E3624D9442900A175CB /* ContentView.swift */; };
		FAE16E3924D9442A00A175CB /* Assets.xcassets in Resources */ = {isa = PBXBuildFile; fileRef = FAE16E3824D9442A00A175CB /* Assets.xcassets */; };
		FAE16E3C24D9442A00A175CB /* Preview Assets.xcassets in Resources */ = {isa = PBXBuildFile; fileRef = FAE16E3B24D9442A00A175CB /* Preview Assets.xcassets */; };
		FAE16E3F24D9442A00A175CB /* LaunchScreen.storyboard in Resources */ = {isa = PBXBuildFile; fileRef = FAE16E3D24D9442A00A175CB /* LaunchScreen.storyboard */; };
		FAE16E4824D976E600A175CB /* User.swift in Sources */ = {isa = PBXBuildFile; fileRef = FAE16E4724D976E600A175CB /* User.swift */; };
		FAE16E4B24D9785C00A175CB /* FileManager+Ext.swift in Sources */ = {isa = PBXBuildFile; fileRef = FAE16E4A24D9785C00A175CB /* FileManager+Ext.swift */; };
/* End PBXBuildFile section */

/* Begin PBXFileReference section */
		FAE16E2C24D9442900A175CB /* BucketList.app */ = {isa = PBXFileReference; explicitFileType = wrapper.application; includeInIndex = 0; path = BucketList.app; sourceTree = BUILT_PRODUCTS_DIR; };
		FAE16E2F24D9442900A175CB /* AppDelegate.swift */ = {isa = PBXFileReference; lastKnownFileType = sourcecode.swift; path = AppDelegate.swift; sourceTree = "<group>"; };
		FAE16E3124D9442900A175CB /* SceneDelegate.swift */ = {isa = PBXFileReference; lastKnownFileType = sourcecode.swift; path = SceneDelegate.swift; sourceTree = "<group>"; };
		FAE16E3424D9442900A175CB /* BucketList.xcdatamodel */ = {isa = PBXFileReference; lastKnownFileType = wrapper.xcdatamodel; path = BucketList.xcdatamodel; sourceTree = "<group>"; };
		FAE16E3624D9442900A175CB /* ContentView.swift */ = {isa = PBXFileReference; lastKnownFileType = sourcecode.swift; path = ContentView.swift; sourceTree = "<group>"; };
		FAE16E3824D9442A00A175CB /* Assets.xcassets */ = {isa = PBXFileReference; lastKnownFileType = folder.assetcatalog; path = Assets.xcassets; sourceTree = "<group>"; };
		FAE16E3B24D9442A00A175CB /* Preview Assets.xcassets */ = {isa = PBXFileReference; lastKnownFileType = folder.assetcatalog; path = "Preview Assets.xcassets"; sourceTree = "<group>"; };
		FAE16E3E24D9442A00A175CB /* Base */ = {isa = PBXFileReference; lastKnownFileType = file.storyboard; name = Base; path = Base.lproj/LaunchScreen.storyboard; sourceTree = "<group>"; };
		FAE16E4024D9442A00A175CB /* Info.plist */ = {isa = PBXFileReference; lastKnownFileType = text.plist.xml; path = Info.plist; sourceTree = "<group>"; };
		FAE16E4724D976E600A175CB /* User.swift */ = {isa = PBXFileReference; lastKnownFileType = sourcecode.swift; path = User.swift; sourceTree = "<group>"; };
		FAE16E4A24D9785C00A175CB /* FileManager+Ext.swift */ = {isa = PBXFileReference; lastKnownFileType = sourcecode.swift; path = "FileManager+Ext.swift"; sourceTree = "<group>"; };
/* End PBXFileReference section */

/* Begin PBXFrameworksBuildPhase section */
		FAE16E2924D9442900A175CB /* Frameworks */ = {
			isa = PBXFrameworksBuildPhase;
			buildActionMask = 2147483647;
			files = (
			);
			runOnlyForDeploymentPostprocessing = 0;
		};
/* End PBXFrameworksBuildPhase section */

/* Begin PBXGroup section */
		FAE16E2324D9442900A175CB = {
			isa = PBXGroup;
			children = (
				FAE16E2E24D9442900A175CB /* BucketList */,
				FAE16E2D24D9442900A175CB /* Products */,
			);
			sourceTree = "<group>";
		};
		FAE16E2D24D9442900A175CB /* Products */ = {
			isa = PBXGroup;
			children = (
				FAE16E2C24D9442900A175CB /* BucketList.app */,
			);
			name = Products;
			sourceTree = "<group>";
		};
		FAE16E2E24D9442900A175CB /* BucketList */ = {
			isa = PBXGroup;
			children = (
				FAE16E2F24D9442900A175CB /* AppDelegate.swift */,
				FAE16E3124D9442900A175CB /* SceneDelegate.swift */,
				FAE16E4924D976E900A175CB /* Models */,
				FAE16E4624D9444300A175CB /* Views */,
				FAE16E4C24D9786200A175CB /* Extensions */,
				FAE16E3824D9442A00A175CB /* Assets.xcassets */,
				FAE16E3D24D9442A00A175CB /* LaunchScreen.storyboard */,
				FAE16E4024D9442A00A175CB /* Info.plist */,
				FAE16E3A24D9442A00A175CB /* Preview Content */,
			);
			path = BucketList;
			sourceTree = "<group>";
		};
		FAE16E3A24D9442A00A175CB /* Preview Content */ = {
			isa = PBXGroup;
			children = (
				FAE16E3B24D9442A00A175CB /* Preview Assets.xcassets */,
			);
			path = "Preview Content";
			sourceTree = "<group>";
		};
		FAE16E4624D9444300A175CB /* Views */ = {
			isa = PBXGroup;
			children = (
				FAE16E3624D9442900A175CB /* ContentView.swift */,
			);
			path = Views;
			sourceTree = "<group>";
		};
		FAE16E4924D976E900A175CB /* Models */ = {
			isa = PBXGroup;
			children = (
				FAE16E3324D9442900A175CB /* BucketList.xcdatamodeld */,
				FAE16E4724D976E600A175CB /* User.swift */,
			);
			path = Models;
			sourceTree = "<group>";
		};
		FAE16E4C24D9786200A175CB /* Extensions */ = {
			isa = PBXGroup;
			children = (
				FAE16E4A24D9785C00A175CB /* FileManager+Ext.swift */,
			);
			path = Extensions;
			sourceTree = "<group>";
		};
/* End PBXGroup section */

/* Begin PBXNativeTarget section */
		FAE16E2B24D9442900A175CB /* BucketList */ = {
			isa = PBXNativeTarget;
			buildConfigurationList = FAE16E4324D9442A00A175CB /* Build configuration list for PBXNativeTarget "BucketList" */;
			buildPhases = (
				FAE16E2824D9442900A175CB /* Sources */,
				FAE16E2924D9442900A175CB /* Frameworks */,
				FAE16E2A24D9442900A175CB /* Resources */,
			);
			buildRules = (
			);
			dependencies = (
			);
			name = BucketList;
			productName = BucketList;
			productReference = FAE16E2C24D9442900A175CB /* BucketList.app */;
			productType = "com.apple.product-type.application";
		};
/* End PBXNativeTarget section */

/* Begin PBXProject section */
		FAE16E2424D9442900A175CB /* Project object */ = {
			isa = PBXProject;
			attributes = {
				LastSwiftUpdateCheck = 1160;
				LastUpgradeCheck = 1160;
				ORGANIZATIONNAME = "Nate Lee";
				TargetAttributes = {
					FAE16E2B24D9442900A175CB = {
						CreatedOnToolsVersion = 11.6;
					};
				};
			};
			buildConfigurationList = FAE16E2724D9442900A175CB /* Build configuration list for PBXProject "BucketList" */;
			compatibilityVersion = "Xcode 9.3";
			developmentRegion = en;
			hasScannedForEncodings = 0;
			knownRegions = (
				en,
				Base,
			);
			mainGroup = FAE16E2324D9442900A175CB;
			productRefGroup = FAE16E2D24D9442900A175CB /* Products */;
			projectDirPath = "";
			projectRoot = "";
			targets = (
				FAE16E2B24D9442900A175CB /* BucketList */,
			);
		};
/* End PBXProject section */

/* Begin PBXResourcesBuildPhase section */
		FAE16E2A24D9442900A175CB /* Resources */ = {
			isa = PBXResourcesBuildPhase;
			buildActionMask = 2147483647;
			files = (
				FAE16E3F24D9442A00A175CB /* LaunchScreen.storyboard in Resources */,
				FAE16E3C24D9442A00A175CB /* Preview Assets.xcassets in Resources */,
				FAE16E3924D9442A00A175CB /* Assets.xcassets in Resources */,
			);
			runOnlyForDeploymentPostprocessing = 0;
		};
/* End PBXResourcesBuildPhase section */

/* Begin PBXSourcesBuildPhase section */
		FAE16E2824D9442900A175CB /* Sources */ = {
			isa = PBXSourcesBuildPhase;
			buildActionMask = 2147483647;
			files = (
				FAE16E3024D9442900A175CB /* AppDelegate.swift in Sources */,
				FAE16E3524D9442900A175CB /* BucketList.xcdatamodeld in Sources */,
				FAE16E3724D9442900A175CB /* ContentView.swift in Sources */,
				FAE16E4B24D9785C00A175CB /* FileManager+Ext.swift in Sources */,
				FAE16E4824D976E600A175CB /* User.swift in Sources */,
				FAE16E3224D9442900A175CB /* SceneDelegate.swift in Sources */,
			);
			runOnlyForDeploymentPostprocessing = 0;
		};
/* End PBXSourcesBuildPhase section */

/* Begin PBXVariantGroup section */
		FAE16E3D24D9442A00A175CB /* LaunchScreen.storyboard */ = {
			isa = PBXVariantGroup;
			children = (
				FAE16E3E24D9442A00A175CB /* Base */,
			);
			name = LaunchScreen.storyboard;
			sourceTree = "<group>";
		};
/* End PBXVariantGroup section */

/* Begin XCBuildConfiguration section */
		FAE16E4124D9442A00A175CB /* Debug */ = {
			isa = XCBuildConfiguration;
			buildSettings = {
				ALWAYS_SEARCH_USER_PATHS = NO;
				CLANG_ANALYZER_NONNULL = YES;
				CLANG_ANALYZER_NUMBER_OBJECT_CONVERSION = YES_AGGRESSIVE;
				CLANG_CXX_LANGUAGE_STANDARD = "gnu++14";
				CLANG_CXX_LIBRARY = "libc++";
				CLANG_ENABLE_MODULES = YES;
				CLANG_ENABLE_OBJC_ARC = YES;
				CLANG_ENABLE_OBJC_WEAK = YES;
				CLANG_WARN_BLOCK_CAPTURE_AUTORELEASING = YES;
				CLANG_WARN_BOOL_CONVERSION = YES;
				CLANG_WARN_COMMA = YES;
				CLANG_WARN_CONSTANT_CONVERSION = YES;
				CLANG_WARN_DEPRECATED_OBJC_IMPLEMENTATIONS = YES;
				CLANG_WARN_DIRECT_OBJC_ISA_USAGE = YES_ERROR;
				CLANG_WARN_DOCUMENTATION_COMMENTS = YES;
				CLANG_WARN_EMPTY_BODY = YES;
				CLANG_WARN_ENUM_CONVERSION = YES;
				CLANG_WARN_INFINITE_RECURSION = YES;
				CLANG_WARN_INT_CONVERSION = YES;
				CLANG_WARN_NON_LITERAL_NULL_CONVERSION = YES;
				CLANG_WARN_OBJC_IMPLICIT_RETAIN_SELF = YES;
				CLANG_WARN_OBJC_LITERAL_CONVERSION = YES;
				CLANG_WARN_OBJC_ROOT_CLASS = YES_ERROR;
				CLANG_WARN_RANGE_LOOP_ANALYSIS = YES;
				CLANG_WARN_STRICT_PROTOTYPES = YES;
				CLANG_WARN_SUSPICIOUS_MOVE = YES;
				CLANG_WARN_UNGUARDED_AVAILABILITY = YES_AGGRESSIVE;
				CLANG_WARN_UNREACHABLE_CODE = YES;
				CLANG_WARN__DUPLICATE_METHOD_MATCH = YES;
				COPY_PHASE_STRIP = NO;
				DEBUG_INFORMATION_FORMAT = dwarf;
				ENABLE_STRICT_OBJC_MSGSEND = YES;
				ENABLE_TESTABILITY = YES;
				GCC_C_LANGUAGE_STANDARD = gnu11;
				GCC_DYNAMIC_NO_PIC = NO;
				GCC_NO_COMMON_BLOCKS = YES;
				GCC_OPTIMIZATION_LEVEL = 0;
				GCC_PREPROCESSOR_DEFINITIONS = (
					"DEBUG=1",
					"$(inherited)",
				);
				GCC_WARN_64_TO_32_BIT_CONVERSION = YES;
				GCC_WARN_ABOUT_RETURN_TYPE = YES_ERROR;
				GCC_WARN_UNDECLARED_SELECTOR = YES;
				GCC_WARN_UNINITIALIZED_AUTOS = YES_AGGRESSIVE;
				GCC_WARN_UNUSED_FUNCTION = YES;
				GCC_WARN_UNUSED_VARIABLE = YES;
				IPHONEOS_DEPLOYMENT_TARGET = 13.6;
				MTL_ENABLE_DEBUG_INFO = INCLUDE_SOURCE;
				MTL_FAST_MATH = YES;
				ONLY_ACTIVE_ARCH = YES;
				SDKROOT = iphoneos;
				SWIFT_ACTIVE_COMPILATION_CONDITIONS = DEBUG;
				SWIFT_OPTIMIZATION_LEVEL = "-Onone";
			};
			name = Debug;
		};
		FAE16E4224D9442A00A175CB /* Release */ = {
			isa = XCBuildConfiguration;
			buildSettings = {
				ALWAYS_SEARCH_USER_PATHS = NO;
				CLANG_ANALYZER_NONNULL = YES;
				CLANG_ANALYZER_NUMBER_OBJECT_CONVERSION = YES_AGGRESSIVE;
				CLANG_CXX_LANGUAGE_STANDARD = "gnu++14";
				CLANG_CXX_LIBRARY = "libc++";
				CLANG_ENABLE_MODULES = YES;
				CLANG_ENABLE_OBJC_ARC = YES;
				CLANG_ENABLE_OBJC_WEAK = YES;
				CLANG_WARN_BLOCK_CAPTURE_AUTORELEASING = YES;
				CLANG_WARN_BOOL_CONVERSION = YES;
				CLANG_WARN_COMMA = YES;
				CLANG_WARN_CONSTANT_CONVERSION = YES;
				CLANG_WARN_DEPRECATED_OBJC_IMPLEMENTATIONS = YES;
				CLANG_WARN_DIRECT_OBJC_ISA_USAGE = YES_ERROR;
				CLANG_WARN_DOCUMENTATION_COMMENTS = YES;
				CLANG_WARN_EMPTY_BODY = YES;
				CLANG_WARN_ENUM_CONVERSION = YES;
				CLANG_WARN_INFINITE_RECURSION = YES;
				CLANG_WARN_INT_CONVERSION = YES;
				CLANG_WARN_NON_LITERAL_NULL_CONVERSION = YES;
				CLANG_WARN_OBJC_IMPLICIT_RETAIN_SELF = YES;
				CLANG_WARN_OBJC_LITERAL_CONVERSION = YES;
				CLANG_WARN_OBJC_ROOT_CLASS = YES_ERROR;
				CLANG_WARN_RANGE_LOOP_ANALYSIS = YES;
				CLANG_WARN_STRICT_PROTOTYPES = YES;
				CLANG_WARN_SUSPICIOUS_MOVE = YES;
				CLANG_WARN_UNGUARDED_AVAILABILITY = YES_AGGRESSIVE;
				CLANG_WARN_UNREACHABLE_CODE = YES;
				CLANG_WARN__DUPLICATE_METHOD_MATCH = YES;
				COPY_PHASE_STRIP = NO;
				DEBUG_INFORMATION_FORMAT = "dwarf-with-dsym";
				ENABLE_NS_ASSERTIONS = NO;
				ENABLE_STRICT_OBJC_MSGSEND = YES;
				GCC_C_LANGUAGE_STANDARD = gnu11;
				GCC_NO_COMMON_BLOCKS = YES;
				GCC_WARN_64_TO_32_BIT_CONVERSION = YES;
				GCC_WARN_ABOUT_RETURN_TYPE = YES_ERROR;
				GCC_WARN_UNDECLARED_SELECTOR = YES;
				GCC_WARN_UNINITIALIZED_AUTOS = YES_AGGRESSIVE;
				GCC_WARN_UNUSED_FUNCTION = YES;
				GCC_WARN_UNUSED_VARIABLE = YES;
				IPHONEOS_DEPLOYMENT_TARGET = 13.6;
				MTL_ENABLE_DEBUG_INFO = NO;
				MTL_FAST_MATH = YES;
				SDKROOT = iphoneos;
				SWIFT_COMPILATION_MODE = wholemodule;
				SWIFT_OPTIMIZATION_LEVEL = "-O";
				VALIDATE_PRODUCT = YES;
			};
			name = Release;
		};
		FAE16E4424D9442A00A175CB /* Debug */ = {
			isa = XCBuildConfiguration;
			buildSettings = {
				ASSETCATALOG_COMPILER_APPICON_NAME = AppIcon;
				CODE_SIGN_STYLE = Automatic;
				DEVELOPMENT_ASSET_PATHS = "\"BucketList/Preview Content\"";
				DEVELOPMENT_TEAM = LQY7L3XZHF;
				ENABLE_PREVIEWS = YES;
				INFOPLIST_FILE = BucketList/Info.plist;
				LD_RUNPATH_SEARCH_PATHS = (
					"$(inherited)",
					"@executable_path/Frameworks",
				);
				PRODUCT_BUNDLE_IDENTIFIER = dev.natelee.BucketList;
				PRODUCT_NAME = "$(TARGET_NAME)";
				SWIFT_VERSION = 5.0;
				TARGETED_DEVICE_FAMILY = "1,2";
			};
			name = Debug;
		};
		FAE16E4524D9442A00A175CB /* Release */ = {
			isa = XCBuildConfiguration;
			buildSettings = {
				ASSETCATALOG_COMPILER_APPICON_NAME = AppIcon;
				CODE_SIGN_STYLE = Automatic;
				DEVELOPMENT_ASSET_PATHS = "\"BucketList/Preview Content\"";
				DEVELOPMENT_TEAM = LQY7L3XZHF;
				ENABLE_PREVIEWS = YES;
				INFOPLIST_FILE = BucketList/Info.plist;
				LD_RUNPATH_SEARCH_PATHS = (
					"$(inherited)",
					"@executable_path/Frameworks",
				);
				PRODUCT_BUNDLE_IDENTIFIER = dev.natelee.BucketList;
				PRODUCT_NAME = "$(TARGET_NAME)";
				SWIFT_VERSION = 5.0;
				TARGETED_DEVICE_FAMILY = "1,2";
			};
			name = Release;
		};
/* End XCBuildConfiguration section */

/* Begin XCConfigurationList section */
		FAE16E2724D9442900A175CB /* Build configuration list for PBXProject "BucketList" */ = {
			isa = XCConfigurationList;
			buildConfigurations = (
				FAE16E4124D9442A00A175CB /* Debug */,
				FAE16E4224D9442A00A175CB /* Release */,
			);
			defaultConfigurationIsVisible = 0;
			defaultConfigurationName = Release;
		};
		FAE16E4324D9442A00A175CB /* Build configuration list for PBXNativeTarget "BucketList" */ = {
			isa = XCConfigurationList;
			buildConfigurations = (
				FAE16E4424D9442A00A175CB /* Debug */,
				FAE16E4524D9442A00A175CB /* Release */,
			);
			defaultConfigurationIsVisible = 0;
			defaultConfigurationName = Release;
		};
/* End XCConfigurationList section */

/* Begin XCVersionGroup section */
		FAE16E3324D9442900A175CB /* BucketList.xcdatamodeld */ = {
			isa = XCVersionGroup;
			children = (
				FAE16E3424D9442900A175CB /* BucketList.xcdatamodel */,
			);
			currentVersion = FAE16E3424D9442900A175CB /* BucketList.xcdatamodel */;
			path = BucketList.xcdatamodeld;
			sourceTree = "<group>";
			versionGroupType = wrapper.xcdatamodel;
		};
/* End XCVersionGroup section */
	};
	rootObject = FAE16E2424D9442900A175CB /* Project object */;
}
